
Microsoft Visual Studio Solution File, Format Version 12.00
# Visual Studio Version 16
VisualStudioVersion = 16.0.32228.343
MinimumVisualStudioVersion = 10.0.40219.1
Project("{888888A0-9F3D-457C-B088-3A5042F75D52}") = "movie-recs", "movie-recs\movie-recs.pyproj", "{7414213C-56BB-4856-8AF0-DEA6C5562019}"
EndProject
Global
	GlobalSection(SolutionConfigurationPlatforms) = preSolution
		Debug|Any CPU = Debug|Any CPU
		Release|Any CPU = Release|Any CPU
	EndGlobalSection
	GlobalSection(ProjectConfigurationPlatforms) = postSolution
		{7414213C-56BB-4856-8AF0-DEA6C5562019}.Debug|Any CPU.ActiveCfg = Debug|Any CPU
		{7414213C-56BB-4856-8AF0-DEA6C5562019}.Debug|Any CPU.Build.0 = Debug|Any CPU
		{7414213C-56BB-4856-8AF0-DEA6C5562019}.Release|Any CPU.ActiveCfg = Release|Any CPU
		{7414213C-56BB-4856-8AF0-DEA6C5562019}.Release|Any CPU.Build.0 = Release|Any CPU
	EndGlobalSection
	GlobalSection(SolutionProperties) = preSolution
		HideSolutionNode = FALSE
	EndGlobalSection
	GlobalSection(ExtensibilityGlobals) = postSolution
		SolutionGuid = {BA3FEB24-E502-4F2A-8322-E43B63872346}
	EndGlobalSection
EndGlobal
